<?xml version="1.0" encoding="UTF-8" standalone="yes" ?>
<CodeBlocks_project_file>
	<FileVersion major="1" minor="6" />
	<Project>
		<Option title="sfvm" />
		<Option pch_mode="2" />
		<Option compiler="gcc" />
		<Build>
			<Target title="Release">
				<Option output="sfvm" prefix_auto="1" extension_auto="1" />
				<Option object_output="obj/Release/" />
				<Option type="1" />
				<Option compiler="gcc" />
				<Compiler>
					<Add option="-O2" />
					<Add option="-mavx2" />
					<Add option="-mfma" />
					<Add option="-fopenmp" />
					<Add directory="src" />
					<Add directory="src/onnx" />
				</Compiler>
				<Linker>
					<Add option="-s" />
				</Linker>
			</Target>
		</Build>
		<Compiler>
			<Add option="-Wall" />
		</Compiler>
		<Unit filename="demo/demo.c">
			<Option compilerVar="CC" />
		</Unit>
		<Unit filename="src/backend/backend.c">
			<Option compilerVar="CC" />
		</Unit>
		<Unit filename="src/backend/backend.h" />
		<Unit filename="src/backend/engine.c">
			<Option compilerVar="CC" />
		</Unit>
		<Unit filename="src/base/base_struct.c">
			<Option compilerVar="CC" />
		</Unit>
		<Unit filename="src/base/base_struct.h" />
		<Unit filename="src/base/mem_alloc.c">
			<Option compilerVar="CC" />
		</Unit>
		<Unit filename="src/base/mem_alloc.h" />
		<Unit filename="src/compute_lib/broadcast.c">
			<Option compilerVar="CC" />
		</Unit>
		<Unit filename="src/compute_lib/compute_lib.h" />
		<Unit filename="src/compute_lib/convolution.c">
			<Option compilerVar="CC" />
		</Unit>
		<Unit filename="src/compute_lib/gemm.c">
			<Option compilerVar="CC" />
		</Unit>
		<Unit filename="src/compute_lib/pooling.c">
			<Option compilerVar="CC" />
		</Unit>
		<Unit filename="src/compute_lib/transpose.c">
			<Option compilerVar="CC" />
		</Unit>
		<Unit filename="src/compute_lib/vector_op.c">
			<Option compilerVar="CC" />
		</Unit>
		<Unit filename="src/graph/graph.c">
			<Option compilerVar="CC" />
		</Unit>
		<Unit filename="src/graph/graph.h" />
		<Unit filename="src/graph/node.c">
			<Option compilerVar="CC" />
		</Unit>
		<Unit filename="src/graph/node.h" />
		<Unit filename="src/onnx/onnx.pb-c.c">
			<Option compilerVar="CC" />
		</Unit>
		<Unit filename="src/onnx/onnx.pb-c.h" />
		<Unit filename="src/onnx/onnx_parser.c">
			<Option compilerVar="CC" />
		</Unit>
		<Unit filename="src/onnx/protobuf-c.c">
			<Option compilerVar="CC" />
		</Unit>
		<Unit filename="src/onnx/protobuf-c.h" />
		<Unit filename="src/optimizer/batchnorm_rewrite.c">
			<Option compilerVar="CC" />
		</Unit>
		<Unit filename="src/optimizer/convert_layout.c">
			<Option compilerVar="CC" />
		</Unit>
		<Unit filename="src/optimizer/fold_constant.c">
			<Option compilerVar="CC" />
		</Unit>
		<Unit filename="src/optimizer/fuse_add_relu.c">
			<Option compilerVar="CC" />
		</Unit>
		<Unit filename="src/optimizer/fuse_conv.c">
			<Option compilerVar="CC" />
		</Unit>
		<Unit filename="src/optimizer/merge_redundant.c">
			<Option compilerVar="CC" />
		</Unit>
		<Unit filename="src/optimizer/mutator.c">
			<Option compilerVar="CC" />
		</Unit>
		<Unit filename="src/optimizer/mutator.h" />
		<Unit filename="src/optimizer/pack_conv_weight.c">
			<Option compilerVar="CC" />
		</Unit>
		<Unit filename="src/optimizer/remove_identity.c">
			<Option compilerVar="CC" />
		</Unit>
		<Unit filename="src/optimizer/remove_unreachable.c">
			<Option compilerVar="CC" />
		</Unit>
		<Unit filename="src/optimizer/reshape_rewrite.c">
			<Option compilerVar="CC" />
		</Unit>
		<Unit filename="src/optimizer/swap_transpose.c">
			<Option compilerVar="CC" />
		</Unit>
		<Unit filename="src/sfvm.h" />
		<Extensions>
			<code_completion />
			<envvars />
			<debugger />
		</Extensions>
	</Project>
</CodeBlocks_project_file>
